
Microsoft Visual Studio Solution File, Format Version 12.00
# Visual Studio Version 16
VisualStudioVersion = 16.0.30011.22
MinimumVisualStudioVersion = 10.0.40219.1
Project("{FAE04EC0-301F-11D3-BF4B-00C04F79EFBC}") = "BubbleSortGeneric", "BubbleSortGeneric\BubbleSortGeneric.csproj", "{6A0B9941-D681-4D74-BA32-7C1A0E7941BE}"
EndProject
Global
	GlobalSection(SolutionConfigurationPlatforms) = preSolution
		Debug|Any CPU = Debug|Any CPU
		Release|Any CPU = Release|Any CPU
	EndGlobalSection
	GlobalSection(ProjectConfigurationPlatforms) = postSolution
		{6A0B9941-D681-4D74-BA32-7C1A0E7941BE}.Debug|Any CPU.ActiveCfg = Debug|Any CPU
		{6A0B9941-D681-4D74-BA32-7C1A0E7941BE}.Debug|Any CPU.Build.0 = Debug|Any CPU
		{6A0B9941-D681-4D74-BA32-7C1A0E7941BE}.Release|Any CPU.ActiveCfg = Release|Any CPU
		{6A0B9941-D681-4D74-BA32-7C1A0E7941BE}.Release|Any CPU.Build.0 = Release|Any CPU
	EndGlobalSection
	GlobalSection(SolutionProperties) = preSolution
		HideSolutionNode = FALSE
	EndGlobalSection
	GlobalSection(ExtensibilityGlobals) = postSolution
		SolutionGuid = {E9AAA6F8-FBE3-414C-8242-DCD61292B996}
	EndGlobalSection
EndGlobal
