
Microsoft Visual Studio Solution File, Format Version 12.00
# Visual Studio Version 16
VisualStudioVersion = 16.0.30011.22
MinimumVisualStudioVersion = 10.0.40219.1
Project("{9A19103F-16F7-4668-BE54-9A1E7A4F7556}") = "Calculator", "Calculator\Calculator.csproj", "{A6958F0E-08A4-4AF6-A8E5-1E53D40346AB}"
EndProject
Project("{FAE04EC0-301F-11D3-BF4B-00C04F79EFBC}") = "NUnitTestCalculator", "NUnitTestCalculator\NUnitTestCalculator.csproj", "{03205942-2CD1-4325-BEC5-A86B75132E7C}"
EndProject
Global
	GlobalSection(SolutionConfigurationPlatforms) = preSolution
		Debug|Any CPU = Debug|Any CPU
		Release|Any CPU = Release|Any CPU
	EndGlobalSection
	GlobalSection(ProjectConfigurationPlatforms) = postSolution
		{A6958F0E-08A4-4AF6-A8E5-1E53D40346AB}.Debug|Any CPU.ActiveCfg = Debug|Any CPU
		{A6958F0E-08A4-4AF6-A8E5-1E53D40346AB}.Debug|Any CPU.Build.0 = Debug|Any CPU
		{A6958F0E-08A4-4AF6-A8E5-1E53D40346AB}.Release|Any CPU.ActiveCfg = Release|Any CPU
		{A6958F0E-08A4-4AF6-A8E5-1E53D40346AB}.Release|Any CPU.Build.0 = Release|Any CPU
		{03205942-2CD1-4325-BEC5-A86B75132E7C}.Debug|Any CPU.ActiveCfg = Debug|Any CPU
		{03205942-2CD1-4325-BEC5-A86B75132E7C}.Debug|Any CPU.Build.0 = Debug|Any CPU
		{03205942-2CD1-4325-BEC5-A86B75132E7C}.Release|Any CPU.ActiveCfg = Release|Any CPU
		{03205942-2CD1-4325-BEC5-A86B75132E7C}.Release|Any CPU.Build.0 = Release|Any CPU
	EndGlobalSection
	GlobalSection(SolutionProperties) = preSolution
		HideSolutionNode = FALSE
	EndGlobalSection
	GlobalSection(ExtensibilityGlobals) = postSolution
		SolutionGuid = {6BB17E9E-4AB7-4116-B372-AF6A01A257FD}
	EndGlobalSection
EndGlobal
